# This file is autogenerated, do not edit; changes may be undone by the next 'dep ensure'.


[[projects]]
  name = "github.com/go-ini/ini"
  packages = ["."]
  revision = "5e9692864e22d02ac79e2fa499cffb00520b4fea"
  version = "v1.34.0"

[[projects]]
  branch = "master"
  name = "github.com/kardianos/osext"
  packages = ["."]
  revision = "ae77be60afb1dcacde03767a8c37337fad28ac14"

[[projects]]
  branch = "master"
  name = "github.com/tcolgate/mp3"
  packages = [".","internal/data"]
  revision = "e79c5a46d30097711c17ac6dee3b1839473cdca8"

[solve-meta]
  analyzer-name = "dep"
  analyzer-version = 1
  inputs-digest = "075a7f23e08dd91ecac63f23f43b6eded7efe5f2e2e24adf6c0163e722a2323e"
  solver-name = "gps-cdcl"
  solver-version = 1
