# This file is autogenerated, do not edit; changes may be undone by the next 'dep ensure'.


[[projects]]
  branch = "master"
  name = "github.com/tcolgate/mp3"
  packages = [".","internal/data"]
  revision = "e79c5a46d30097711c17ac6dee3b1839473cdca8"

[solve-meta]
  analyzer-name = "dep"
  analyzer-version = 1
  inputs-digest = "5486275aade0c6beb0775c4570ba4f2747383becebadf0578b3da52456f01fc4"
  solver-name = "gps-cdcl"
  solver-version = 1
