# This file is autogenerated, do not edit; changes may be undone by the next 'dep ensure'.


[[projects]]
  branch = "master"
  name = "github.com/tcolgate/mp3"
  packages = [".","internal/data"]
  revision = "e79c5a46d30097711c17ac6dee3b1839473cdca8"

[[projects]]
  name = "gopkg.in/h2non/filetype.v1"
  packages = [".","matchers","types"]
  revision = "cc14fdc9ca0e4c2bafad7458f6ff79fd3947cfbb"
  version = "v1.0.5"

[solve-meta]
  analyzer-name = "dep"
  analyzer-version = 1
  inputs-digest = "092a3ef6ad658b73744068a9cb3cdb9a47532d31a911154d6c346e7415c63af3"
  solver-name = "gps-cdcl"
  solver-version = 1
